
Microsoft Visual Studio Solution File, Format Version 12.00
# Visual Studio Version 16
VisualStudioVersion = 25.0.1705.4
MinimumVisualStudioVersion = 10.0.40219.1
Project("{FAE04EC0-301F-11D3-BF4B-00C04F79EFBC}") = "TodoAPI", "TodoAPI\TodoAPI.csproj", "{838E117F-443F-49A5-A11C-3139F61724D5}"
EndProject
Global
	GlobalSection(SolutionConfigurationPlatforms) = preSolution
		Debug|Any CPU = Debug|Any CPU
		Release|Any CPU = Release|Any CPU
	EndGlobalSection
	GlobalSection(ProjectConfigurationPlatforms) = postSolution
		{838E117F-443F-49A5-A11C-3139F61724D5}.Debug|Any CPU.ActiveCfg = Debug|Any CPU
		{838E117F-443F-49A5-A11C-3139F61724D5}.Debug|Any CPU.Build.0 = Debug|Any CPU
		{838E117F-443F-49A5-A11C-3139F61724D5}.Release|Any CPU.ActiveCfg = Release|Any CPU
		{838E117F-443F-49A5-A11C-3139F61724D5}.Release|Any CPU.Build.0 = Release|Any CPU
	EndGlobalSection
	GlobalSection(SolutionProperties) = preSolution
		HideSolutionNode = FALSE
	EndGlobalSection
	GlobalSection(ExtensibilityGlobals) = postSolution
		SolutionGuid = {BE049389-2B90-44C0-B135-A847CA164780}
	EndGlobalSection
EndGlobal
